
Microsoft Visual Studio Solution File, Format Version 12.00
# Visual Studio 15
VisualStudioVersion = 15.0.27130.2036
MinimumVisualStudioVersion = 10.0.40219.1
Project("{FAE04EC0-301F-11D3-BF4B-00C04F79EFBC}") = "HighEnergy.TreeView", "HighEnergy.TreeView\HighEnergy.TreeView.csproj", "{377D075B-88EB-4D85-B632-D1BB2A724371}"
EndProject
Project("{FAE04EC0-301F-11D3-BF4B-00C04F79EFBC}") = "HighEnergy.TreeView.Demo", "HighEnergy.TreeView.Demo\HighEnergy.TreeView.Demo.csproj", "{3AA59858-4571-41AE-883C-DA8423AD4BA3}"
EndProject
Project("{FAE04EC0-301F-11D3-BF4B-00C04F79EFBC}") = "Autoselect", "Autoselect\Autoselect.csproj", "{32B1A0D0-7E67-456D-B08A-8D1592EBF77D}"
EndProject
Project("{FAE04EC0-301F-11D3-BF4B-00C04F79EFBC}") = "CommonClassesLibrary", "CommonClassesLibrary\CommonClassesLibrary.csproj", "{1F748949-65E6-4D1C-B42D-B1264C5DFD00}"
EndProject
Project("{FAE04EC0-301F-11D3-BF4B-00C04F79EFBC}") = "HighEnergy.Tree", "HighEnergy.Tree\HighEnergy.Tree.csproj", "{C2056A6C-CD5D-44E1-A174-3971561C8DFB}"
EndProject
Project("{D954291E-2A0B-460D-934E-DC6B0785DB48}") = "ISSO_I", "ISSO_I\ISSO_I\ISSO_I.shproj", "{6C6321B0-2EDE-4977-BBA8-C3E7DF55868A}"
EndProject
Project("{FAE04EC0-301F-11D3-BF4B-00C04F79EFBC}") = "ISSO_I.Android", "ISSO_I\ISSO_I.Android\ISSO_I.Android.csproj", "{C03B13D6-66B5-4716-A485-0E72E4267B4A}"
EndProject
Project("{FAE04EC0-301F-11D3-BF4B-00C04F79EFBC}") = "ISSO_I.iOS", "ISSO_I\ISSO_I.iOS\ISSO_I.iOS.csproj", "{EE77F8CF-3198-45CE-AF32-C6FB793E7ACA}"
EndProject
Project("{D954291E-2A0B-460D-934E-DC6B0785DB48}") = "ISSO_S", "ISSO-S\ISSO_S\ISSO_S.shproj", "{F4D15B45-FDB9-44F5-AB50-4CB1035D133E}"
EndProject
Project("{FAE04EC0-301F-11D3-BF4B-00C04F79EFBC}") = "ISSO_S.Android", "ISSO-S\ISSO_S.Android\ISSO_S.Android.csproj", "{5877D728-D1C6-4898-AF98-EBE0DD36C7E7}"
EndProject
Project("{FAE04EC0-301F-11D3-BF4B-00C04F79EFBC}") = "ISSO_S.iOS", "ISSO-S\ISSO_S.iOS\ISSO_S.iOS.csproj", "{3C19E0E4-5B73-4E1A-B55A-83E3D146DAA2}"
EndProject
Project("{FAE04EC0-301F-11D3-BF4B-00C04F79EFBC}") = "LinearList", "LinearList\LinearList.csproj", "{62E5F99F-7982-4946-998F-D4CA9CB20451}"
EndProject
Project("{FAE04EC0-301F-11D3-BF4B-00C04F79EFBC}") = "Autoselect_new", "Autoselect_new\Autoselect_new.csproj", "{3CE42114-6A64-4441-93B1-E0011581F4F6}"
EndProject
Project("{2150E333-8FDC-42A3-9474-1A3956D46DE8}") = "Solution Items", "Solution Items", "{F483B2C8-6E8C-494C-8794-91FAB65C942F}"
	ProjectSection(SolutionItems) = preProject
		xamarinkeystore.jks = xamarinkeystore.jks
		ключи к хранилищу.txt = ключи к хранилищу.txt
	EndProjectSection
EndProject
Global
	GlobalSection(SharedMSBuildProjectFiles) = preSolution
		ISSO-S\ISSO_S\ISSO_S.projitems*{3c19e0e4-5b73-4e1a-b55a-83e3d146daa2}*SharedItemsImports = 4
		ISSO-S\ISSO_S\ISSO_S.projitems*{5877d728-d1c6-4898-af98-ebe0dd36c7e7}*SharedItemsImports = 4
		ISSO_I\ISSO_I\ISSO_I.projitems*{6c6321b0-2ede-4977-bba8-c3e7df55868a}*SharedItemsImports = 13
		ISSO_I\ISSO_I\ISSO_I.projitems*{c03b13d6-66b5-4716-a485-0e72e4267b4a}*SharedItemsImports = 4
		ISSO_I\ISSO_I\ISSO_I.projitems*{ee77f8cf-3198-45ce-af32-c6fb793e7aca}*SharedItemsImports = 4
		ISSO-S\ISSO_S\ISSO_S.projitems*{f4d15b45-fdb9-44f5-ab50-4cb1035d133e}*SharedItemsImports = 13
	EndGlobalSection
	GlobalSection(SolutionConfigurationPlatforms) = preSolution
		Ad-Hoc|Any CPU = Ad-Hoc|Any CPU
		Ad-Hoc|iPhone = Ad-Hoc|iPhone
		Ad-Hoc|iPhoneSimulator = Ad-Hoc|iPhoneSimulator
		AppStore|Any CPU = AppStore|Any CPU
		AppStore|iPhone = AppStore|iPhone
		AppStore|iPhoneSimulator = AppStore|iPhoneSimulator
		Debug|Any CPU = Debug|Any CPU
		Debug|iPhone = Debug|iPhone
		Debug|iPhoneSimulator = Debug|iPhoneSimulator
		Release|Any CPU = Release|Any CPU
		Release|iPhone = Release|iPhone
		Release|iPhoneSimulator = Release|iPhoneSimulator
	EndGlobalSection
	GlobalSection(ProjectConfigurationPlatforms) = postSolution
		{377D075B-88EB-4D85-B632-D1BB2A724371}.Ad-Hoc|Any CPU.ActiveCfg = Release|Any CPU
		{377D075B-88EB-4D85-B632-D1BB2A724371}.Ad-Hoc|Any CPU.Build.0 = Release|Any CPU
		{377D075B-88EB-4D85-B632-D1BB2A724371}.Ad-Hoc|iPhone.ActiveCfg = Release|Any CPU
		{377D075B-88EB-4D85-B632-D1BB2A724371}.Ad-Hoc|iPhone.Build.0 = Release|Any CPU
		{377D075B-88EB-4D85-B632-D1BB2A724371}.Ad-Hoc|iPhoneSimulator.ActiveCfg = Release|Any CPU
		{377D075B-88EB-4D85-B632-D1BB2A724371}.Ad-Hoc|iPhoneSimulator.Build.0 = Release|Any CPU
		{377D075B-88EB-4D85-B632-D1BB2A724371}.AppStore|Any CPU.ActiveCfg = Release|Any CPU
		{377D075B-88EB-4D85-B632-D1BB2A724371}.AppStore|Any CPU.Build.0 = Release|Any CPU
		{377D075B-88EB-4D85-B632-D1BB2A724371}.AppStore|iPhone.ActiveCfg = Release|Any CPU
		{377D075B-88EB-4D85-B632-D1BB2A724371}.AppStore|iPhone.Build.0 = Release|Any CPU
		{377D075B-88EB-4D85-B632-D1BB2A724371}.AppStore|iPhoneSimulator.ActiveCfg = Release|Any CPU
		{377D075B-88EB-4D85-B632-D1BB2A724371}.AppStore|iPhoneSimulator.Build.0 = Release|Any CPU
		{377D075B-88EB-4D85-B632-D1BB2A724371}.Debug|Any CPU.ActiveCfg = Debug|Any CPU
		{377D075B-88EB-4D85-B632-D1BB2A724371}.Debug|Any CPU.Build.0 = Debug|Any CPU
		{377D075B-88EB-4D85-B632-D1BB2A724371}.Debug|iPhone.ActiveCfg = Debug|Any CPU
		{377D075B-88EB-4D85-B632-D1BB2A724371}.Debug|iPhone.Build.0 = Debug|Any CPU
		{377D075B-88EB-4D85-B632-D1BB2A724371}.Debug|iPhoneSimulator.ActiveCfg = Debug|Any CPU
		{377D075B-88EB-4D85-B632-D1BB2A724371}.Debug|iPhoneSimulator.Build.0 = Debug|Any CPU
		{377D075B-88EB-4D85-B632-D1BB2A724371}.Release|Any CPU.ActiveCfg = Release|Any CPU
		{377D075B-88EB-4D85-B632-D1BB2A724371}.Release|Any CPU.Build.0 = Release|Any CPU
		{377D075B-88EB-4D85-B632-D1BB2A724371}.Release|iPhone.ActiveCfg = Release|Any CPU
		{377D075B-88EB-4D85-B632-D1BB2A724371}.Release|iPhone.Build.0 = Release|Any CPU
		{377D075B-88EB-4D85-B632-D1BB2A724371}.Release|iPhoneSimulator.ActiveCfg = Release|Any CPU
		{377D075B-88EB-4D85-B632-D1BB2A724371}.Release|iPhoneSimulator.Build.0 = Release|Any CPU
		{3AA59858-4571-41AE-883C-DA8423AD4BA3}.Ad-Hoc|Any CPU.ActiveCfg = Release|Any CPU
		{3AA59858-4571-41AE-883C-DA8423AD4BA3}.Ad-Hoc|Any CPU.Build.0 = Release|Any CPU
		{3AA59858-4571-41AE-883C-DA8423AD4BA3}.Ad-Hoc|iPhone.ActiveCfg = Release|Any CPU
		{3AA59858-4571-41AE-883C-DA8423AD4BA3}.Ad-Hoc|iPhone.Build.0 = Release|Any CPU
		{3AA59858-4571-41AE-883C-DA8423AD4BA3}.Ad-Hoc|iPhoneSimulator.ActiveCfg = Release|Any CPU
		{3AA59858-4571-41AE-883C-DA8423AD4BA3}.Ad-Hoc|iPhoneSimulator.Build.0 = Release|Any CPU
		{3AA59858-4571-41AE-883C-DA8423AD4BA3}.AppStore|Any CPU.ActiveCfg = Release|Any CPU
		{3AA59858-4571-41AE-883C-DA8423AD4BA3}.AppStore|Any CPU.Build.0 = Release|Any CPU
		{3AA59858-4571-41AE-883C-DA8423AD4BA3}.AppStore|iPhone.ActiveCfg = Release|Any CPU
		{3AA59858-4571-41AE-883C-DA8423AD4BA3}.AppStore|iPhone.Build.0 = Release|Any CPU
		{3AA59858-4571-41AE-883C-DA8423AD4BA3}.AppStore|iPhoneSimulator.ActiveCfg = Release|Any CPU
		{3AA59858-4571-41AE-883C-DA8423AD4BA3}.AppStore|iPhoneSimulator.Build.0 = Release|Any CPU
		{3AA59858-4571-41AE-883C-DA8423AD4BA3}.Debug|Any CPU.ActiveCfg = Debug|Any CPU
		{3AA59858-4571-41AE-883C-DA8423AD4BA3}.Debug|Any CPU.Build.0 = Debug|Any CPU
		{3AA59858-4571-41AE-883C-DA8423AD4BA3}.Debug|iPhone.ActiveCfg = Debug|Any CPU
		{3AA59858-4571-41AE-883C-DA8423AD4BA3}.Debug|iPhone.Build.0 = Debug|Any CPU
		{3AA59858-4571-41AE-883C-DA8423AD4BA3}.Debug|iPhoneSimulator.ActiveCfg = Debug|Any CPU
		{3AA59858-4571-41AE-883C-DA8423AD4BA3}.Debug|iPhoneSimulator.Build.0 = Debug|Any CPU
		{3AA59858-4571-41AE-883C-DA8423AD4BA3}.Release|Any CPU.ActiveCfg = Release|Any CPU
		{3AA59858-4571-41AE-883C-DA8423AD4BA3}.Release|Any CPU.Build.0 = Release|Any CPU
		{3AA59858-4571-41AE-883C-DA8423AD4BA3}.Release|iPhone.ActiveCfg = Release|Any CPU
		{3AA59858-4571-41AE-883C-DA8423AD4BA3}.Release|iPhone.Build.0 = Release|Any CPU
		{3AA59858-4571-41AE-883C-DA8423AD4BA3}.Release|iPhoneSimulator.ActiveCfg = Release|Any CPU
		{3AA59858-4571-41AE-883C-DA8423AD4BA3}.Release|iPhoneSimulator.Build.0 = Release|Any CPU
		{32B1A0D0-7E67-456D-B08A-8D1592EBF77D}.Ad-Hoc|Any CPU.ActiveCfg = Release|Any CPU
		{32B1A0D0-7E67-456D-B08A-8D1592EBF77D}.Ad-Hoc|Any CPU.Build.0 = Release|Any CPU
		{32B1A0D0-7E67-456D-B08A-8D1592EBF77D}.Ad-Hoc|iPhone.ActiveCfg = Release|Any CPU
		{32B1A0D0-7E67-456D-B08A-8D1592EBF77D}.Ad-Hoc|iPhone.Build.0 = Release|Any CPU
		{32B1A0D0-7E67-456D-B08A-8D1592EBF77D}.Ad-Hoc|iPhoneSimulator.ActiveCfg = Release|Any CPU
		{32B1A0D0-7E67-456D-B08A-8D1592EBF77D}.Ad-Hoc|iPhoneSimulator.Build.0 = Release|Any CPU
		{32B1A0D0-7E67-456D-B08A-8D1592EBF77D}.AppStore|Any CPU.ActiveCfg = Release|Any CPU
		{32B1A0D0-7E67-456D-B08A-8D1592EBF77D}.AppStore|Any CPU.Build.0 = Release|Any CPU
		{32B1A0D0-7E67-456D-B08A-8D1592EBF77D}.AppStore|iPhone.ActiveCfg = Release|Any CPU
		{32B1A0D0-7E67-456D-B08A-8D1592EBF77D}.AppStore|iPhone.Build.0 = Release|Any CPU
		{32B1A0D0-7E67-456D-B08A-8D1592EBF77D}.AppStore|iPhoneSimulator.ActiveCfg = Release|Any CPU
		{32B1A0D0-7E67-456D-B08A-8D1592EBF77D}.AppStore|iPhoneSimulator.Build.0 = Release|Any CPU
		{32B1A0D0-7E67-456D-B08A-8D1592EBF77D}.Debug|Any CPU.ActiveCfg = Debug|Any CPU
		{32B1A0D0-7E67-456D-B08A-8D1592EBF77D}.Debug|Any CPU.Build.0 = Debug|Any CPU
		{32B1A0D0-7E67-456D-B08A-8D1592EBF77D}.Debug|iPhone.ActiveCfg = Debug|Any CPU
		{32B1A0D0-7E67-456D-B08A-8D1592EBF77D}.Debug|iPhone.Build.0 = Debug|Any CPU
		{32B1A0D0-7E67-456D-B08A-8D1592EBF77D}.Debug|iPhoneSimulator.ActiveCfg = Debug|Any CPU
		{32B1A0D0-7E67-456D-B08A-8D1592EBF77D}.Debug|iPhoneSimulator.Build.0 = Debug|Any CPU
		{32B1A0D0-7E67-456D-B08A-8D1592EBF77D}.Release|Any CPU.ActiveCfg = Release|Any CPU
		{32B1A0D0-7E67-456D-B08A-8D1592EBF77D}.Release|Any CPU.Build.0 = Release|Any CPU
		{32B1A0D0-7E67-456D-B08A-8D1592EBF77D}.Release|iPhone.ActiveCfg = Release|Any CPU
		{32B1A0D0-7E67-456D-B08A-8D1592EBF77D}.Release|iPhone.Build.0 = Release|Any CPU
		{32B1A0D0-7E67-456D-B08A-8D1592EBF77D}.Release|iPhoneSimulator.ActiveCfg = Release|Any CPU
		{32B1A0D0-7E67-456D-B08A-8D1592EBF77D}.Release|iPhoneSimulator.Build.0 = Release|Any CPU
		{1F748949-65E6-4D1C-B42D-B1264C5DFD00}.Ad-Hoc|Any CPU.ActiveCfg = Release|Any CPU
		{1F748949-65E6-4D1C-B42D-B1264C5DFD00}.Ad-Hoc|Any CPU.Build.0 = Release|Any CPU
		{1F748949-65E6-4D1C-B42D-B1264C5DFD00}.Ad-Hoc|iPhone.ActiveCfg = Release|Any CPU
		{1F748949-65E6-4D1C-B42D-B1264C5DFD00}.Ad-Hoc|iPhone.Build.0 = Release|Any CPU
		{1F748949-65E6-4D1C-B42D-B1264C5DFD00}.Ad-Hoc|iPhoneSimulator.ActiveCfg = Release|Any CPU
		{1F748949-65E6-4D1C-B42D-B1264C5DFD00}.Ad-Hoc|iPhoneSimulator.Build.0 = Release|Any CPU
		{1F748949-65E6-4D1C-B42D-B1264C5DFD00}.AppStore|Any CPU.ActiveCfg = Release|Any CPU
		{1F748949-65E6-4D1C-B42D-B1264C5DFD00}.AppStore|Any CPU.Build.0 = Release|Any CPU
		{1F748949-65E6-4D1C-B42D-B1264C5DFD00}.AppStore|iPhone.ActiveCfg = Release|Any CPU
		{1F748949-65E6-4D1C-B42D-B1264C5DFD00}.AppStore|iPhone.Build.0 = Release|Any CPU
		{1F748949-65E6-4D1C-B42D-B1264C5DFD00}.AppStore|iPhoneSimulator.ActiveCfg = Release|Any CPU
		{1F748949-65E6-4D1C-B42D-B1264C5DFD00}.AppStore|iPhoneSimulator.Build.0 = Release|Any CPU
		{1F748949-65E6-4D1C-B42D-B1264C5DFD00}.Debug|Any CPU.ActiveCfg = Debug|Any CPU
		{1F748949-65E6-4D1C-B42D-B1264C5DFD00}.Debug|Any CPU.Build.0 = Debug|Any CPU
		{1F748949-65E6-4D1C-B42D-B1264C5DFD00}.Debug|iPhone.ActiveCfg = Debug|Any CPU
		{1F748949-65E6-4D1C-B42D-B1264C5DFD00}.Debug|iPhone.Build.0 = Debug|Any CPU
		{1F748949-65E6-4D1C-B42D-B1264C5DFD00}.Debug|iPhoneSimulator.ActiveCfg = Debug|Any CPU
		{1F748949-65E6-4D1C-B42D-B1264C5DFD00}.Debug|iPhoneSimulator.Build.0 = Debug|Any CPU
		{1F748949-65E6-4D1C-B42D-B1264C5DFD00}.Release|Any CPU.ActiveCfg = Release|Any CPU
		{1F748949-65E6-4D1C-B42D-B1264C5DFD00}.Release|Any CPU.Build.0 = Release|Any CPU
		{1F748949-65E6-4D1C-B42D-B1264C5DFD00}.Release|iPhone.ActiveCfg = Release|Any CPU
		{1F748949-65E6-4D1C-B42D-B1264C5DFD00}.Release|iPhone.Build.0 = Release|Any CPU
		{1F748949-65E6-4D1C-B42D-B1264C5DFD00}.Release|iPhoneSimulator.ActiveCfg = Release|Any CPU
		{1F748949-65E6-4D1C-B42D-B1264C5DFD00}.Release|iPhoneSimulator.Build.0 = Release|Any CPU
		{C2056A6C-CD5D-44E1-A174-3971561C8DFB}.Ad-Hoc|Any CPU.ActiveCfg = Release|Any CPU
		{C2056A6C-CD5D-44E1-A174-3971561C8DFB}.Ad-Hoc|Any CPU.Build.0 = Release|Any CPU
		{C2056A6C-CD5D-44E1-A174-3971561C8DFB}.Ad-Hoc|iPhone.ActiveCfg = Release|Any CPU
		{C2056A6C-CD5D-44E1-A174-3971561C8DFB}.Ad-Hoc|iPhone.Build.0 = Release|Any CPU
		{C2056A6C-CD5D-44E1-A174-3971561C8DFB}.Ad-Hoc|iPhoneSimulator.ActiveCfg = Release|Any CPU
		{C2056A6C-CD5D-44E1-A174-3971561C8DFB}.Ad-Hoc|iPhoneSimulator.Build.0 = Release|Any CPU
		{C2056A6C-CD5D-44E1-A174-3971561C8DFB}.AppStore|Any CPU.ActiveCfg = Release|Any CPU
		{C2056A6C-CD5D-44E1-A174-3971561C8DFB}.AppStore|Any CPU.Build.0 = Release|Any CPU
		{C2056A6C-CD5D-44E1-A174-3971561C8DFB}.AppStore|iPhone.ActiveCfg = Release|Any CPU
		{C2056A6C-CD5D-44E1-A174-3971561C8DFB}.AppStore|iPhone.Build.0 = Release|Any CPU
		{C2056A6C-CD5D-44E1-A174-3971561C8DFB}.AppStore|iPhoneSimulator.ActiveCfg = Release|Any CPU
		{C2056A6C-CD5D-44E1-A174-3971561C8DFB}.AppStore|iPhoneSimulator.Build.0 = Release|Any CPU
		{C2056A6C-CD5D-44E1-A174-3971561C8DFB}.Debug|Any CPU.ActiveCfg = Debug|Any CPU
		{C2056A6C-CD5D-44E1-A174-3971561C8DFB}.Debug|Any CPU.Build.0 = Debug|Any CPU
		{C2056A6C-CD5D-44E1-A174-3971561C8DFB}.Debug|iPhone.ActiveCfg = Debug|Any CPU
		{C2056A6C-CD5D-44E1-A174-3971561C8DFB}.Debug|iPhone.Build.0 = Debug|Any CPU
		{C2056A6C-CD5D-44E1-A174-3971561C8DFB}.Debug|iPhoneSimulator.ActiveCfg = Debug|Any CPU
		{C2056A6C-CD5D-44E1-A174-3971561C8DFB}.Debug|iPhoneSimulator.Build.0 = Debug|Any CPU
		{C2056A6C-CD5D-44E1-A174-3971561C8DFB}.Release|Any CPU.ActiveCfg = Release|Any CPU
		{C2056A6C-CD5D-44E1-A174-3971561C8DFB}.Release|Any CPU.Build.0 = Release|Any CPU
		{C2056A6C-CD5D-44E1-A174-3971561C8DFB}.Release|iPhone.ActiveCfg = Release|Any CPU
		{C2056A6C-CD5D-44E1-A174-3971561C8DFB}.Release|iPhone.Build.0 = Release|Any CPU
		{C2056A6C-CD5D-44E1-A174-3971561C8DFB}.Release|iPhoneSimulator.ActiveCfg = Release|Any CPU
		{C2056A6C-CD5D-44E1-A174-3971561C8DFB}.Release|iPhoneSimulator.Build.0 = Release|Any CPU
		{C03B13D6-66B5-4716-A485-0E72E4267B4A}.Ad-Hoc|Any CPU.ActiveCfg = Release|Any CPU
		{C03B13D6-66B5-4716-A485-0E72E4267B4A}.Ad-Hoc|Any CPU.Build.0 = Release|Any CPU
		{C03B13D6-66B5-4716-A485-0E72E4267B4A}.Ad-Hoc|Any CPU.Deploy.0 = Release|Any CPU
		{C03B13D6-66B5-4716-A485-0E72E4267B4A}.Ad-Hoc|iPhone.ActiveCfg = Release|Any CPU
		{C03B13D6-66B5-4716-A485-0E72E4267B4A}.Ad-Hoc|iPhone.Build.0 = Release|Any CPU
		{C03B13D6-66B5-4716-A485-0E72E4267B4A}.Ad-Hoc|iPhone.Deploy.0 = Release|Any CPU
		{C03B13D6-66B5-4716-A485-0E72E4267B4A}.Ad-Hoc|iPhoneSimulator.ActiveCfg = Release|Any CPU
		{C03B13D6-66B5-4716-A485-0E72E4267B4A}.Ad-Hoc|iPhoneSimulator.Build.0 = Release|Any CPU
		{C03B13D6-66B5-4716-A485-0E72E4267B4A}.Ad-Hoc|iPhoneSimulator.Deploy.0 = Release|Any CPU
		{C03B13D6-66B5-4716-A485-0E72E4267B4A}.AppStore|Any CPU.ActiveCfg = Release|Any CPU
		{C03B13D6-66B5-4716-A485-0E72E4267B4A}.AppStore|Any CPU.Build.0 = Release|Any CPU
		{C03B13D6-66B5-4716-A485-0E72E4267B4A}.AppStore|Any CPU.Deploy.0 = Release|Any CPU
		{C03B13D6-66B5-4716-A485-0E72E4267B4A}.AppStore|iPhone.ActiveCfg = Release|Any CPU
		{C03B13D6-66B5-4716-A485-0E72E4267B4A}.AppStore|iPhone.Build.0 = Release|Any CPU
		{C03B13D6-66B5-4716-A485-0E72E4267B4A}.AppStore|iPhone.Deploy.0 = Release|Any CPU
		{C03B13D6-66B5-4716-A485-0E72E4267B4A}.AppStore|iPhoneSimulator.ActiveCfg = Release|Any CPU
		{C03B13D6-66B5-4716-A485-0E72E4267B4A}.AppStore|iPhoneSimulator.Build.0 = Release|Any CPU
		{C03B13D6-66B5-4716-A485-0E72E4267B4A}.AppStore|iPhoneSimulator.Deploy.0 = Release|Any CPU
		{C03B13D6-66B5-4716-A485-0E72E4267B4A}.Debug|Any CPU.ActiveCfg = Debug|Any CPU
		{C03B13D6-66B5-4716-A485-0E72E4267B4A}.Debug|Any CPU.Build.0 = Debug|Any CPU
		{C03B13D6-66B5-4716-A485-0E72E4267B4A}.Debug|Any CPU.Deploy.0 = Debug|Any CPU
		{C03B13D6-66B5-4716-A485-0E72E4267B4A}.Debug|iPhone.ActiveCfg = Debug|Any CPU
		{C03B13D6-66B5-4716-A485-0E72E4267B4A}.Debug|iPhone.Build.0 = Debug|Any CPU
		{C03B13D6-66B5-4716-A485-0E72E4267B4A}.Debug|iPhone.Deploy.0 = Debug|Any CPU
		{C03B13D6-66B5-4716-A485-0E72E4267B4A}.Debug|iPhoneSimulator.ActiveCfg = Debug|Any CPU
		{C03B13D6-66B5-4716-A485-0E72E4267B4A}.Debug|iPhoneSimulator.Build.0 = Debug|Any CPU
		{C03B13D6-66B5-4716-A485-0E72E4267B4A}.Debug|iPhoneSimulator.Deploy.0 = Debug|Any CPU
		{C03B13D6-66B5-4716-A485-0E72E4267B4A}.Release|Any CPU.ActiveCfg = Release|Any CPU
		{C03B13D6-66B5-4716-A485-0E72E4267B4A}.Release|Any CPU.Build.0 = Release|Any CPU
		{C03B13D6-66B5-4716-A485-0E72E4267B4A}.Release|Any CPU.Deploy.0 = Release|Any CPU
		{C03B13D6-66B5-4716-A485-0E72E4267B4A}.Release|iPhone.ActiveCfg = Release|Any CPU
		{C03B13D6-66B5-4716-A485-0E72E4267B4A}.Release|iPhone.Build.0 = Release|Any CPU
		{C03B13D6-66B5-4716-A485-0E72E4267B4A}.Release|iPhone.Deploy.0 = Release|Any CPU
		{C03B13D6-66B5-4716-A485-0E72E4267B4A}.Release|iPhoneSimulator.ActiveCfg = Release|Any CPU
		{C03B13D6-66B5-4716-A485-0E72E4267B4A}.Release|iPhoneSimulator.Build.0 = Release|Any CPU
		{C03B13D6-66B5-4716-A485-0E72E4267B4A}.Release|iPhoneSimulator.Deploy.0 = Release|Any CPU
		{EE77F8CF-3198-45CE-AF32-C6FB793E7ACA}.Ad-Hoc|Any CPU.ActiveCfg = Ad-Hoc|iPhone
		{EE77F8CF-3198-45CE-AF32-C6FB793E7ACA}.Ad-Hoc|iPhone.ActiveCfg = Ad-Hoc|iPhone
		{EE77F8CF-3198-45CE-AF32-C6FB793E7ACA}.Ad-Hoc|iPhone.Build.0 = Ad-Hoc|iPhone
		{EE77F8CF-3198-45CE-AF32-C6FB793E7ACA}.Ad-Hoc|iPhoneSimulator.ActiveCfg = Ad-Hoc|iPhoneSimulator
		{EE77F8CF-3198-45CE-AF32-C6FB793E7ACA}.Ad-Hoc|iPhoneSimulator.Build.0 = Ad-Hoc|iPhoneSimulator
		{EE77F8CF-3198-45CE-AF32-C6FB793E7ACA}.AppStore|Any CPU.ActiveCfg = AppStore|iPhone
		{EE77F8CF-3198-45CE-AF32-C6FB793E7ACA}.AppStore|iPhone.ActiveCfg = AppStore|iPhone
		{EE77F8CF-3198-45CE-AF32-C6FB793E7ACA}.AppStore|iPhone.Build.0 = AppStore|iPhone
		{EE77F8CF-3198-45CE-AF32-C6FB793E7ACA}.AppStore|iPhoneSimulator.ActiveCfg = AppStore|iPhoneSimulator
		{EE77F8CF-3198-45CE-AF32-C6FB793E7ACA}.AppStore|iPhoneSimulator.Build.0 = AppStore|iPhoneSimulator
		{EE77F8CF-3198-45CE-AF32-C6FB793E7ACA}.Debug|Any CPU.ActiveCfg = Debug|iPhone
		{EE77F8CF-3198-45CE-AF32-C6FB793E7ACA}.Debug|iPhone.ActiveCfg = Debug|iPhone
		{EE77F8CF-3198-45CE-AF32-C6FB793E7ACA}.Debug|iPhone.Build.0 = Debug|iPhone
		{EE77F8CF-3198-45CE-AF32-C6FB793E7ACA}.Debug|iPhoneSimulator.ActiveCfg = Debug|iPhoneSimulator
		{EE77F8CF-3198-45CE-AF32-C6FB793E7ACA}.Debug|iPhoneSimulator.Build.0 = Debug|iPhoneSimulator
		{EE77F8CF-3198-45CE-AF32-C6FB793E7ACA}.Release|Any CPU.ActiveCfg = Release|iPhone
		{EE77F8CF-3198-45CE-AF32-C6FB793E7ACA}.Release|iPhone.ActiveCfg = Release|iPhone
		{EE77F8CF-3198-45CE-AF32-C6FB793E7ACA}.Release|iPhone.Build.0 = Release|iPhone
		{EE77F8CF-3198-45CE-AF32-C6FB793E7ACA}.Release|iPhoneSimulator.ActiveCfg = Release|iPhoneSimulator
		{EE77F8CF-3198-45CE-AF32-C6FB793E7ACA}.Release|iPhoneSimulator.Build.0 = Release|iPhoneSimulator
		{5877D728-D1C6-4898-AF98-EBE0DD36C7E7}.Ad-Hoc|Any CPU.ActiveCfg = Release|Any CPU
		{5877D728-D1C6-4898-AF98-EBE0DD36C7E7}.Ad-Hoc|Any CPU.Build.0 = Release|Any CPU
		{5877D728-D1C6-4898-AF98-EBE0DD36C7E7}.Ad-Hoc|Any CPU.Deploy.0 = Release|Any CPU
		{5877D728-D1C6-4898-AF98-EBE0DD36C7E7}.Ad-Hoc|iPhone.ActiveCfg = Release|Any CPU
		{5877D728-D1C6-4898-AF98-EBE0DD36C7E7}.Ad-Hoc|iPhone.Build.0 = Release|Any CPU
		{5877D728-D1C6-4898-AF98-EBE0DD36C7E7}.Ad-Hoc|iPhone.Deploy.0 = Release|Any CPU
		{5877D728-D1C6-4898-AF98-EBE0DD36C7E7}.Ad-Hoc|iPhoneSimulator.ActiveCfg = Release|Any CPU
		{5877D728-D1C6-4898-AF98-EBE0DD36C7E7}.Ad-Hoc|iPhoneSimulator.Build.0 = Release|Any CPU
		{5877D728-D1C6-4898-AF98-EBE0DD36C7E7}.Ad-Hoc|iPhoneSimulator.Deploy.0 = Release|Any CPU
		{5877D728-D1C6-4898-AF98-EBE0DD36C7E7}.AppStore|Any CPU.ActiveCfg = Release|Any CPU
		{5877D728-D1C6-4898-AF98-EBE0DD36C7E7}.AppStore|Any CPU.Build.0 = Release|Any CPU
		{5877D728-D1C6-4898-AF98-EBE0DD36C7E7}.AppStore|Any CPU.Deploy.0 = Release|Any CPU
		{5877D728-D1C6-4898-AF98-EBE0DD36C7E7}.AppStore|iPhone.ActiveCfg = Release|Any CPU
		{5877D728-D1C6-4898-AF98-EBE0DD36C7E7}.AppStore|iPhone.Build.0 = Release|Any CPU
		{5877D728-D1C6-4898-AF98-EBE0DD36C7E7}.AppStore|iPhone.Deploy.0 = Release|Any CPU
		{5877D728-D1C6-4898-AF98-EBE0DD36C7E7}.AppStore|iPhoneSimulator.ActiveCfg = Release|Any CPU
		{5877D728-D1C6-4898-AF98-EBE0DD36C7E7}.AppStore|iPhoneSimulator.Build.0 = Release|Any CPU
		{5877D728-D1C6-4898-AF98-EBE0DD36C7E7}.AppStore|iPhoneSimulator.Deploy.0 = Release|Any CPU
		{5877D728-D1C6-4898-AF98-EBE0DD36C7E7}.Debug|Any CPU.ActiveCfg = Debug|Any CPU
		{5877D728-D1C6-4898-AF98-EBE0DD36C7E7}.Debug|Any CPU.Build.0 = Debug|Any CPU
		{5877D728-D1C6-4898-AF98-EBE0DD36C7E7}.Debug|Any CPU.Deploy.0 = Debug|Any CPU
		{5877D728-D1C6-4898-AF98-EBE0DD36C7E7}.Debug|iPhone.ActiveCfg = Debug|Any CPU
		{5877D728-D1C6-4898-AF98-EBE0DD36C7E7}.Debug|iPhone.Build.0 = Debug|Any CPU
		{5877D728-D1C6-4898-AF98-EBE0DD36C7E7}.Debug|iPhone.Deploy.0 = Debug|Any CPU
		{5877D728-D1C6-4898-AF98-EBE0DD36C7E7}.Debug|iPhoneSimulator.ActiveCfg = Debug|Any CPU
		{5877D728-D1C6-4898-AF98-EBE0DD36C7E7}.Debug|iPhoneSimulator.Build.0 = Debug|Any CPU
		{5877D728-D1C6-4898-AF98-EBE0DD36C7E7}.Debug|iPhoneSimulator.Deploy.0 = Debug|Any CPU
		{5877D728-D1C6-4898-AF98-EBE0DD36C7E7}.Release|Any CPU.ActiveCfg = Release|Any CPU
		{5877D728-D1C6-4898-AF98-EBE0DD36C7E7}.Release|Any CPU.Build.0 = Release|Any CPU
		{5877D728-D1C6-4898-AF98-EBE0DD36C7E7}.Release|Any CPU.Deploy.0 = Release|Any CPU
		{5877D728-D1C6-4898-AF98-EBE0DD36C7E7}.Release|iPhone.ActiveCfg = Release|Any CPU
		{5877D728-D1C6-4898-AF98-EBE0DD36C7E7}.Release|iPhone.Build.0 = Release|Any CPU
		{5877D728-D1C6-4898-AF98-EBE0DD36C7E7}.Release|iPhone.Deploy.0 = Release|Any CPU
		{5877D728-D1C6-4898-AF98-EBE0DD36C7E7}.Release|iPhoneSimulator.ActiveCfg = Release|Any CPU
		{5877D728-D1C6-4898-AF98-EBE0DD36C7E7}.Release|iPhoneSimulator.Build.0 = Release|Any CPU
		{5877D728-D1C6-4898-AF98-EBE0DD36C7E7}.Release|iPhoneSimulator.Deploy.0 = Release|Any CPU
		{3C19E0E4-5B73-4E1A-B55A-83E3D146DAA2}.Ad-Hoc|Any CPU.ActiveCfg = Ad-Hoc|iPhone
		{3C19E0E4-5B73-4E1A-B55A-83E3D146DAA2}.Ad-Hoc|iPhone.ActiveCfg = Ad-Hoc|iPhone
		{3C19E0E4-5B73-4E1A-B55A-83E3D146DAA2}.Ad-Hoc|iPhone.Build.0 = Ad-Hoc|iPhone
		{3C19E0E4-5B73-4E1A-B55A-83E3D146DAA2}.Ad-Hoc|iPhoneSimulator.ActiveCfg = Ad-Hoc|iPhoneSimulator
		{3C19E0E4-5B73-4E1A-B55A-83E3D146DAA2}.Ad-Hoc|iPhoneSimulator.Build.0 = Ad-Hoc|iPhoneSimulator
		{3C19E0E4-5B73-4E1A-B55A-83E3D146DAA2}.AppStore|Any CPU.ActiveCfg = AppStore|iPhone
		{3C19E0E4-5B73-4E1A-B55A-83E3D146DAA2}.AppStore|iPhone.ActiveCfg = AppStore|iPhone
		{3C19E0E4-5B73-4E1A-B55A-83E3D146DAA2}.AppStore|iPhone.Build.0 = AppStore|iPhone
		{3C19E0E4-5B73-4E1A-B55A-83E3D146DAA2}.AppStore|iPhoneSimulator.ActiveCfg = AppStore|iPhoneSimulator
		{3C19E0E4-5B73-4E1A-B55A-83E3D146DAA2}.AppStore|iPhoneSimulator.Build.0 = AppStore|iPhoneSimulator
		{3C19E0E4-5B73-4E1A-B55A-83E3D146DAA2}.Debug|Any CPU.ActiveCfg = Debug|iPhone
		{3C19E0E4-5B73-4E1A-B55A-83E3D146DAA2}.Debug|iPhone.ActiveCfg = Debug|iPhone
		{3C19E0E4-5B73-4E1A-B55A-83E3D146DAA2}.Debug|iPhone.Build.0 = Debug|iPhone
		{3C19E0E4-5B73-4E1A-B55A-83E3D146DAA2}.Debug|iPhoneSimulator.ActiveCfg = Debug|iPhoneSimulator
		{3C19E0E4-5B73-4E1A-B55A-83E3D146DAA2}.Debug|iPhoneSimulator.Build.0 = Debug|iPhoneSimulator
		{3C19E0E4-5B73-4E1A-B55A-83E3D146DAA2}.Release|Any CPU.ActiveCfg = Release|iPhone
		{3C19E0E4-5B73-4E1A-B55A-83E3D146DAA2}.Release|iPhone.ActiveCfg = Release|iPhone
		{3C19E0E4-5B73-4E1A-B55A-83E3D146DAA2}.Release|iPhone.Build.0 = Release|iPhone
		{3C19E0E4-5B73-4E1A-B55A-83E3D146DAA2}.Release|iPhoneSimulator.ActiveCfg = Release|iPhoneSimulator
		{3C19E0E4-5B73-4E1A-B55A-83E3D146DAA2}.Release|iPhoneSimulator.Build.0 = Release|iPhoneSimulator
		{62E5F99F-7982-4946-998F-D4CA9CB20451}.Ad-Hoc|Any CPU.ActiveCfg = Release|Any CPU
		{62E5F99F-7982-4946-998F-D4CA9CB20451}.Ad-Hoc|Any CPU.Build.0 = Release|Any CPU
		{62E5F99F-7982-4946-998F-D4CA9CB20451}.Ad-Hoc|iPhone.ActiveCfg = Release|Any CPU
		{62E5F99F-7982-4946-998F-D4CA9CB20451}.Ad-Hoc|iPhone.Build.0 = Release|Any CPU
		{62E5F99F-7982-4946-998F-D4CA9CB20451}.Ad-Hoc|iPhoneSimulator.ActiveCfg = Release|Any CPU
		{62E5F99F-7982-4946-998F-D4CA9CB20451}.Ad-Hoc|iPhoneSimulator.Build.0 = Release|Any CPU
		{62E5F99F-7982-4946-998F-D4CA9CB20451}.AppStore|Any CPU.ActiveCfg = Release|Any CPU
		{62E5F99F-7982-4946-998F-D4CA9CB20451}.AppStore|Any CPU.Build.0 = Release|Any CPU
		{62E5F99F-7982-4946-998F-D4CA9CB20451}.AppStore|iPhone.ActiveCfg = Release|Any CPU
		{62E5F99F-7982-4946-998F-D4CA9CB20451}.AppStore|iPhone.Build.0 = Release|Any CPU
		{62E5F99F-7982-4946-998F-D4CA9CB20451}.AppStore|iPhoneSimulator.ActiveCfg = Release|Any CPU
		{62E5F99F-7982-4946-998F-D4CA9CB20451}.AppStore|iPhoneSimulator.Build.0 = Release|Any CPU
		{62E5F99F-7982-4946-998F-D4CA9CB20451}.Debug|Any CPU.ActiveCfg = Debug|Any CPU
		{62E5F99F-7982-4946-998F-D4CA9CB20451}.Debug|Any CPU.Build.0 = Debug|Any CPU
		{62E5F99F-7982-4946-998F-D4CA9CB20451}.Debug|iPhone.ActiveCfg = Debug|Any CPU
		{62E5F99F-7982-4946-998F-D4CA9CB20451}.Debug|iPhone.Build.0 = Debug|Any CPU
		{62E5F99F-7982-4946-998F-D4CA9CB20451}.Debug|iPhoneSimulator.ActiveCfg = Debug|Any CPU
		{62E5F99F-7982-4946-998F-D4CA9CB20451}.Debug|iPhoneSimulator.Build.0 = Debug|Any CPU
		{62E5F99F-7982-4946-998F-D4CA9CB20451}.Release|Any CPU.ActiveCfg = Release|Any CPU
		{62E5F99F-7982-4946-998F-D4CA9CB20451}.Release|Any CPU.Build.0 = Release|Any CPU
		{62E5F99F-7982-4946-998F-D4CA9CB20451}.Release|iPhone.ActiveCfg = Release|Any CPU
		{62E5F99F-7982-4946-998F-D4CA9CB20451}.Release|iPhone.Build.0 = Release|Any CPU
		{62E5F99F-7982-4946-998F-D4CA9CB20451}.Release|iPhoneSimulator.ActiveCfg = Release|Any CPU
		{62E5F99F-7982-4946-998F-D4CA9CB20451}.Release|iPhoneSimulator.Build.0 = Release|Any CPU
		{3CE42114-6A64-4441-93B1-E0011581F4F6}.Ad-Hoc|Any CPU.ActiveCfg = Debug|Any CPU
		{3CE42114-6A64-4441-93B1-E0011581F4F6}.Ad-Hoc|Any CPU.Build.0 = Debug|Any CPU
		{3CE42114-6A64-4441-93B1-E0011581F4F6}.Ad-Hoc|iPhone.ActiveCfg = Debug|Any CPU
		{3CE42114-6A64-4441-93B1-E0011581F4F6}.Ad-Hoc|iPhone.Build.0 = Debug|Any CPU
		{3CE42114-6A64-4441-93B1-E0011581F4F6}.Ad-Hoc|iPhoneSimulator.ActiveCfg = Debug|Any CPU
		{3CE42114-6A64-4441-93B1-E0011581F4F6}.Ad-Hoc|iPhoneSimulator.Build.0 = Debug|Any CPU
		{3CE42114-6A64-4441-93B1-E0011581F4F6}.AppStore|Any CPU.ActiveCfg = Debug|Any CPU
		{3CE42114-6A64-4441-93B1-E0011581F4F6}.AppStore|Any CPU.Build.0 = Debug|Any CPU
		{3CE42114-6A64-4441-93B1-E0011581F4F6}.AppStore|iPhone.ActiveCfg = Debug|Any CPU
		{3CE42114-6A64-4441-93B1-E0011581F4F6}.AppStore|iPhone.Build.0 = Debug|Any CPU
		{3CE42114-6A64-4441-93B1-E0011581F4F6}.AppStore|iPhoneSimulator.ActiveCfg = Debug|Any CPU
		{3CE42114-6A64-4441-93B1-E0011581F4F6}.AppStore|iPhoneSimulator.Build.0 = Debug|Any CPU
		{3CE42114-6A64-4441-93B1-E0011581F4F6}.Debug|Any CPU.ActiveCfg = Debug|Any CPU
		{3CE42114-6A64-4441-93B1-E0011581F4F6}.Debug|Any CPU.Build.0 = Debug|Any CPU
		{3CE42114-6A64-4441-93B1-E0011581F4F6}.Debug|iPhone.ActiveCfg = Debug|Any CPU
		{3CE42114-6A64-4441-93B1-E0011581F4F6}.Debug|iPhone.Build.0 = Debug|Any CPU
		{3CE42114-6A64-4441-93B1-E0011581F4F6}.Debug|iPhoneSimulator.ActiveCfg = Debug|Any CPU
		{3CE42114-6A64-4441-93B1-E0011581F4F6}.Debug|iPhoneSimulator.Build.0 = Debug|Any CPU
		{3CE42114-6A64-4441-93B1-E0011581F4F6}.Release|Any CPU.ActiveCfg = Release|Any CPU
		{3CE42114-6A64-4441-93B1-E0011581F4F6}.Release|Any CPU.Build.0 = Release|Any CPU
		{3CE42114-6A64-4441-93B1-E0011581F4F6}.Release|iPhone.ActiveCfg = Release|Any CPU
		{3CE42114-6A64-4441-93B1-E0011581F4F6}.Release|iPhone.Build.0 = Release|Any CPU
		{3CE42114-6A64-4441-93B1-E0011581F4F6}.Release|iPhoneSimulator.ActiveCfg = Release|Any CPU
		{3CE42114-6A64-4441-93B1-E0011581F4F6}.Release|iPhoneSimulator.Build.0 = Release|Any CPU
	EndGlobalSection
	GlobalSection(SolutionProperties) = preSolution
		HideSolutionNode = FALSE
	EndGlobalSection
	GlobalSection(ExtensibilityGlobals) = postSolution
		SolutionGuid = {34C504F9-7C35-4A22-9F79-FF64881B7244}
	EndGlobalSection
EndGlobal
