
Microsoft Visual Studio Solution File, Format Version 12.00
# Visual Studio 15
VisualStudioVersion = 15.0.26730.10
MinimumVisualStudioVersion = 10.0.40219.1

Project("{D954291E-2A0B-460D-934E-DC6B0785DB48}") = "ISSO_I", "ISSO_I\ISSO_I\ISSO_I.shproj", "{6C6321B0-2EDE-4977-BBA8-C3E7DF55868A}"
EndProject


Project("{FAE04EC0-301F-11D3-BF4B-00C04F79EFBC}") = "ISSO_I.iOS", "ISSO_I\ISSO_I.iOS\ISSO_I.iOS.csproj", "{EE77F8CF-3198-45CE-AF32-C6FB793E7ACA}"
EndProject


Project("{FAE04EC0-301F-11D3-BF4B-00C04F79EFBC}") = "ISSO_I.Android", "ISSO_I\ISSO_I.Android\ISSO_I.Android.csproj", "{C03B13D6-66B5-4716-A485-0E72E4267B4A}"
EndProject


Global
	GlobalSection(SolutionConfigurationPlatforms) = preSolution
		Ad-Hoc|Any CPU = Ad-Hoc|Any CPU
		Ad-Hoc|ARM = Ad-Hoc|ARM
		Ad-Hoc|iPhone = Ad-Hoc|iPhone
		Ad-Hoc|iPhoneSimulator = Ad-Hoc|iPhoneSimulator
		Ad-Hoc|x64 = Ad-Hoc|x64
		Ad-Hoc|x86 = Ad-Hoc|x86
		AppStore|Any CPU = AppStore|Any CPU
		AppStore|ARM = AppStore|ARM
		AppStore|iPhone = AppStore|iPhone
		AppStore|iPhoneSimulator = AppStore|iPhoneSimulator
		AppStore|x64 = AppStore|x64
		AppStore|x86 = AppStore|x86
		Debug|Any CPU = Debug|Any CPU
		Debug|ARM = Debug|ARM
		Debug|iPhone = Debug|iPhone
		Debug|iPhoneSimulator = Debug|iPhoneSimulator
		Debug|x64 = Debug|x64
		Debug|x86 = Debug|x86
		Release|Any CPU = Release|Any CPU
		Release|ARM = Release|ARM
		Release|iPhone = Release|iPhone
		Release|iPhoneSimulator = Release|iPhoneSimulator
		Release|x64 = Release|x64
		Release|x86 = Release|x86
	EndGlobalSection
	GlobalSection(ProjectConfigurationPlatforms) = postSolution
		{95AEAEC7-3DCD-40B5-8F67-27B16B247BAB}.Ad-Hoc|Any CPU.ActiveCfg = Debug|Any CPU
		{95AEAEC7-3DCD-40B5-8F67-27B16B247BAB}.Ad-Hoc|Any CPU.Build.0 = Debug|Any CPU
		{95AEAEC7-3DCD-40B5-8F67-27B16B247BAB}.Ad-Hoc|ARM.ActiveCfg = Debug|Any CPU
		{95AEAEC7-3DCD-40B5-8F67-27B16B247BAB}.Ad-Hoc|ARM.Build.0 = Debug|Any CPU
		{95AEAEC7-3DCD-40B5-8F67-27B16B247BAB}.Ad-Hoc|iPhone.ActiveCfg = Debug|Any CPU
		{95AEAEC7-3DCD-40B5-8F67-27B16B247BAB}.Ad-Hoc|iPhone.Build.0 = Debug|Any CPU
		{95AEAEC7-3DCD-40B5-8F67-27B16B247BAB}.Ad-Hoc|iPhoneSimulator.ActiveCfg = Debug|Any CPU
		{95AEAEC7-3DCD-40B5-8F67-27B16B247BAB}.Ad-Hoc|iPhoneSimulator.Build.0 = Debug|Any CPU
		{95AEAEC7-3DCD-40B5-8F67-27B16B247BAB}.Ad-Hoc|x64.ActiveCfg = Debug|Any CPU
		{95AEAEC7-3DCD-40B5-8F67-27B16B247BAB}.Ad-Hoc|x64.Build.0 = Debug|Any CPU
		{95AEAEC7-3DCD-40B5-8F67-27B16B247BAB}.Ad-Hoc|x86.ActiveCfg = Debug|Any CPU
		{95AEAEC7-3DCD-40B5-8F67-27B16B247BAB}.Ad-Hoc|x86.Build.0 = Debug|Any CPU
		{95AEAEC7-3DCD-40B5-8F67-27B16B247BAB}.AppStore|Any CPU.ActiveCfg = Debug|Any CPU
		{95AEAEC7-3DCD-40B5-8F67-27B16B247BAB}.AppStore|Any CPU.Build.0 = Debug|Any CPU
		{95AEAEC7-3DCD-40B5-8F67-27B16B247BAB}.AppStore|ARM.ActiveCfg = Debug|Any CPU
		{95AEAEC7-3DCD-40B5-8F67-27B16B247BAB}.AppStore|ARM.Build.0 = Debug|Any CPU
		{95AEAEC7-3DCD-40B5-8F67-27B16B247BAB}.AppStore|iPhone.ActiveCfg = Debug|Any CPU
		{95AEAEC7-3DCD-40B5-8F67-27B16B247BAB}.AppStore|iPhone.Build.0 = Debug|Any CPU
		{95AEAEC7-3DCD-40B5-8F67-27B16B247BAB}.AppStore|iPhoneSimulator.ActiveCfg = Debug|Any CPU
		{95AEAEC7-3DCD-40B5-8F67-27B16B247BAB}.AppStore|iPhoneSimulator.Build.0 = Debug|Any CPU
		{95AEAEC7-3DCD-40B5-8F67-27B16B247BAB}.AppStore|x64.ActiveCfg = Debug|Any CPU
		{95AEAEC7-3DCD-40B5-8F67-27B16B247BAB}.AppStore|x64.Build.0 = Debug|Any CPU
		{95AEAEC7-3DCD-40B5-8F67-27B16B247BAB}.AppStore|x86.ActiveCfg = Debug|Any CPU
		{95AEAEC7-3DCD-40B5-8F67-27B16B247BAB}.AppStore|x86.Build.0 = Debug|Any CPU
		{95AEAEC7-3DCD-40B5-8F67-27B16B247BAB}.Debug|Any CPU.ActiveCfg = Debug|Any CPU
		{95AEAEC7-3DCD-40B5-8F67-27B16B247BAB}.Debug|Any CPU.Build.0 = Debug|Any CPU
		{95AEAEC7-3DCD-40B5-8F67-27B16B247BAB}.Debug|ARM.ActiveCfg = Debug|Any CPU
		{95AEAEC7-3DCD-40B5-8F67-27B16B247BAB}.Debug|ARM.Build.0 = Debug|Any CPU
		{95AEAEC7-3DCD-40B5-8F67-27B16B247BAB}.Debug|iPhone.ActiveCfg = Debug|Any CPU
		{95AEAEC7-3DCD-40B5-8F67-27B16B247BAB}.Debug|iPhone.Build.0 = Debug|Any CPU
		{95AEAEC7-3DCD-40B5-8F67-27B16B247BAB}.Debug|iPhoneSimulator.ActiveCfg = Debug|Any CPU
		{95AEAEC7-3DCD-40B5-8F67-27B16B247BAB}.Debug|iPhoneSimulator.Build.0 = Debug|Any CPU
		{95AEAEC7-3DCD-40B5-8F67-27B16B247BAB}.Debug|x64.ActiveCfg = Debug|Any CPU
		{95AEAEC7-3DCD-40B5-8F67-27B16B247BAB}.Debug|x64.Build.0 = Debug|Any CPU
		{95AEAEC7-3DCD-40B5-8F67-27B16B247BAB}.Debug|x86.ActiveCfg = Debug|Any CPU
		{95AEAEC7-3DCD-40B5-8F67-27B16B247BAB}.Debug|x86.Build.0 = Debug|Any CPU
		{95AEAEC7-3DCD-40B5-8F67-27B16B247BAB}.Release|Any CPU.ActiveCfg = Release|Any CPU
		{95AEAEC7-3DCD-40B5-8F67-27B16B247BAB}.Release|Any CPU.Build.0 = Release|Any CPU
		{95AEAEC7-3DCD-40B5-8F67-27B16B247BAB}.Release|ARM.ActiveCfg = Release|Any CPU
		{95AEAEC7-3DCD-40B5-8F67-27B16B247BAB}.Release|ARM.Build.0 = Release|Any CPU
		{95AEAEC7-3DCD-40B5-8F67-27B16B247BAB}.Release|iPhone.ActiveCfg = Release|Any CPU
		{95AEAEC7-3DCD-40B5-8F67-27B16B247BAB}.Release|iPhone.Build.0 = Release|Any CPU
		{95AEAEC7-3DCD-40B5-8F67-27B16B247BAB}.Release|iPhoneSimulator.ActiveCfg = Release|Any CPU
		{95AEAEC7-3DCD-40B5-8F67-27B16B247BAB}.Release|iPhoneSimulator.Build.0 = Release|Any CPU
		{95AEAEC7-3DCD-40B5-8F67-27B16B247BAB}.Release|x64.ActiveCfg = Release|Any CPU
		{95AEAEC7-3DCD-40B5-8F67-27B16B247BAB}.Release|x64.Build.0 = Release|Any CPU
		{95AEAEC7-3DCD-40B5-8F67-27B16B247BAB}.Release|x86.ActiveCfg = Release|Any CPU
		{95AEAEC7-3DCD-40B5-8F67-27B16B247BAB}.Release|x86.Build.0 = Release|Any CPU
		{EE77F8CF-3198-45CE-AF32-C6FB793E7ACA}.Ad-Hoc|Any CPU.ActiveCfg = Ad-Hoc|iPhone
		{EE77F8CF-3198-45CE-AF32-C6FB793E7ACA}.Ad-Hoc|ARM.ActiveCfg = Ad-Hoc|iPhone
		{EE77F8CF-3198-45CE-AF32-C6FB793E7ACA}.Ad-Hoc|iPhone.ActiveCfg = Ad-Hoc|iPhone
		{EE77F8CF-3198-45CE-AF32-C6FB793E7ACA}.Ad-Hoc|iPhone.Build.0 = Ad-Hoc|iPhone
		{EE77F8CF-3198-45CE-AF32-C6FB793E7ACA}.Ad-Hoc|iPhoneSimulator.ActiveCfg = Ad-Hoc|iPhoneSimulator
		{EE77F8CF-3198-45CE-AF32-C6FB793E7ACA}.Ad-Hoc|iPhoneSimulator.Build.0 = Ad-Hoc|iPhoneSimulator
		{EE77F8CF-3198-45CE-AF32-C6FB793E7ACA}.Ad-Hoc|x64.ActiveCfg = Ad-Hoc|iPhone
		{EE77F8CF-3198-45CE-AF32-C6FB793E7ACA}.Ad-Hoc|x86.ActiveCfg = Ad-Hoc|iPhone
		{EE77F8CF-3198-45CE-AF32-C6FB793E7ACA}.AppStore|Any CPU.ActiveCfg = AppStore|iPhone
		{EE77F8CF-3198-45CE-AF32-C6FB793E7ACA}.AppStore|ARM.ActiveCfg = AppStore|iPhone
		{EE77F8CF-3198-45CE-AF32-C6FB793E7ACA}.AppStore|iPhone.ActiveCfg = AppStore|iPhone
		{EE77F8CF-3198-45CE-AF32-C6FB793E7ACA}.AppStore|iPhone.Build.0 = AppStore|iPhone
		{EE77F8CF-3198-45CE-AF32-C6FB793E7ACA}.AppStore|iPhoneSimulator.ActiveCfg = AppStore|iPhoneSimulator
		{EE77F8CF-3198-45CE-AF32-C6FB793E7ACA}.AppStore|iPhoneSimulator.Build.0 = AppStore|iPhoneSimulator
		{EE77F8CF-3198-45CE-AF32-C6FB793E7ACA}.AppStore|x64.ActiveCfg = AppStore|iPhone
		{EE77F8CF-3198-45CE-AF32-C6FB793E7ACA}.AppStore|x86.ActiveCfg = AppStore|iPhone
		{EE77F8CF-3198-45CE-AF32-C6FB793E7ACA}.Debug|Any CPU.ActiveCfg = Debug|iPhone
		{EE77F8CF-3198-45CE-AF32-C6FB793E7ACA}.Debug|ARM.ActiveCfg = Debug|iPhone
		{EE77F8CF-3198-45CE-AF32-C6FB793E7ACA}.Debug|iPhone.ActiveCfg = Debug|iPhone
		{EE77F8CF-3198-45CE-AF32-C6FB793E7ACA}.Debug|iPhone.Build.0 = Debug|iPhone
		{EE77F8CF-3198-45CE-AF32-C6FB793E7ACA}.Debug|iPhoneSimulator.ActiveCfg = Debug|iPhoneSimulator
		{EE77F8CF-3198-45CE-AF32-C6FB793E7ACA}.Debug|iPhoneSimulator.Build.0 = Debug|iPhoneSimulator
		{EE77F8CF-3198-45CE-AF32-C6FB793E7ACA}.Debug|x64.ActiveCfg = Debug|iPhone
		{EE77F8CF-3198-45CE-AF32-C6FB793E7ACA}.Debug|x86.ActiveCfg = Debug|iPhone
		{EE77F8CF-3198-45CE-AF32-C6FB793E7ACA}.Release|Any CPU.ActiveCfg = Release|iPhone
		{EE77F8CF-3198-45CE-AF32-C6FB793E7ACA}.Release|ARM.ActiveCfg = Release|iPhone
		{EE77F8CF-3198-45CE-AF32-C6FB793E7ACA}.Release|iPhone.ActiveCfg = Release|iPhone
		{EE77F8CF-3198-45CE-AF32-C6FB793E7ACA}.Release|iPhone.Build.0 = Release|iPhone
		{EE77F8CF-3198-45CE-AF32-C6FB793E7ACA}.Release|iPhoneSimulator.ActiveCfg = Release|iPhoneSimulator
		{EE77F8CF-3198-45CE-AF32-C6FB793E7ACA}.Release|iPhoneSimulator.Build.0 = Release|iPhoneSimulator
		{EE77F8CF-3198-45CE-AF32-C6FB793E7ACA}.Release|x64.ActiveCfg = Release|iPhone
		{EE77F8CF-3198-45CE-AF32-C6FB793E7ACA}.Release|x86.ActiveCfg = Release|iPhone
		{C693C2AB-2640-4AB6-82AA-72DAF7A7692A}.Ad-Hoc|Any CPU.ActiveCfg = Release|x86
		{C693C2AB-2640-4AB6-82AA-72DAF7A7692A}.Ad-Hoc|Any CPU.Build.0 = Release|x86
		{C693C2AB-2640-4AB6-82AA-72DAF7A7692A}.Ad-Hoc|Any CPU.Deploy.0 = Release|x86
		{C693C2AB-2640-4AB6-82AA-72DAF7A7692A}.Ad-Hoc|ARM.ActiveCfg = Release|ARM
		{C693C2AB-2640-4AB6-82AA-72DAF7A7692A}.Ad-Hoc|ARM.Build.0 = Release|ARM
		{C693C2AB-2640-4AB6-82AA-72DAF7A7692A}.Ad-Hoc|ARM.Deploy.0 = Release|ARM
		{C693C2AB-2640-4AB6-82AA-72DAF7A7692A}.Ad-Hoc|iPhone.ActiveCfg = Release|x86
		{C693C2AB-2640-4AB6-82AA-72DAF7A7692A}.Ad-Hoc|iPhone.Build.0 = Release|x86
		{C693C2AB-2640-4AB6-82AA-72DAF7A7692A}.Ad-Hoc|iPhone.Deploy.0 = Release|x86
		{C693C2AB-2640-4AB6-82AA-72DAF7A7692A}.Ad-Hoc|iPhoneSimulator.ActiveCfg = Release|x86
		{C693C2AB-2640-4AB6-82AA-72DAF7A7692A}.Ad-Hoc|iPhoneSimulator.Build.0 = Release|x86
		{C693C2AB-2640-4AB6-82AA-72DAF7A7692A}.Ad-Hoc|iPhoneSimulator.Deploy.0 = Release|x86
		{C693C2AB-2640-4AB6-82AA-72DAF7A7692A}.Ad-Hoc|x64.ActiveCfg = Release|x64
		{C693C2AB-2640-4AB6-82AA-72DAF7A7692A}.Ad-Hoc|x64.Build.0 = Release|x64
		{C693C2AB-2640-4AB6-82AA-72DAF7A7692A}.Ad-Hoc|x64.Deploy.0 = Release|x64
		{C693C2AB-2640-4AB6-82AA-72DAF7A7692A}.Ad-Hoc|x86.ActiveCfg = Release|x86
		{C693C2AB-2640-4AB6-82AA-72DAF7A7692A}.Ad-Hoc|x86.Build.0 = Release|x86
		{C693C2AB-2640-4AB6-82AA-72DAF7A7692A}.Ad-Hoc|x86.Deploy.0 = Release|x86
		{C693C2AB-2640-4AB6-82AA-72DAF7A7692A}.AppStore|Any CPU.ActiveCfg = Release|x86
		{C693C2AB-2640-4AB6-82AA-72DAF7A7692A}.AppStore|Any CPU.Build.0 = Release|x86
		{C693C2AB-2640-4AB6-82AA-72DAF7A7692A}.AppStore|Any CPU.Deploy.0 = Release|x86
		{C693C2AB-2640-4AB6-82AA-72DAF7A7692A}.AppStore|ARM.ActiveCfg = Release|ARM
		{C693C2AB-2640-4AB6-82AA-72DAF7A7692A}.AppStore|ARM.Build.0 = Release|ARM
		{C693C2AB-2640-4AB6-82AA-72DAF7A7692A}.AppStore|ARM.Deploy.0 = Release|ARM
		{C693C2AB-2640-4AB6-82AA-72DAF7A7692A}.AppStore|iPhone.ActiveCfg = Release|x86
		{C693C2AB-2640-4AB6-82AA-72DAF7A7692A}.AppStore|iPhone.Build.0 = Release|x86
		{C693C2AB-2640-4AB6-82AA-72DAF7A7692A}.AppStore|iPhone.Deploy.0 = Release|x86
		{C693C2AB-2640-4AB6-82AA-72DAF7A7692A}.AppStore|iPhoneSimulator.ActiveCfg = Release|x86
		{C693C2AB-2640-4AB6-82AA-72DAF7A7692A}.AppStore|iPhoneSimulator.Build.0 = Release|x86
		{C693C2AB-2640-4AB6-82AA-72DAF7A7692A}.AppStore|iPhoneSimulator.Deploy.0 = Release|x86
		{C693C2AB-2640-4AB6-82AA-72DAF7A7692A}.AppStore|x64.ActiveCfg = Release|x64
		{C693C2AB-2640-4AB6-82AA-72DAF7A7692A}.AppStore|x64.Build.0 = Release|x64
		{C693C2AB-2640-4AB6-82AA-72DAF7A7692A}.AppStore|x64.Deploy.0 = Release|x64
		{C693C2AB-2640-4AB6-82AA-72DAF7A7692A}.AppStore|x86.ActiveCfg = Release|x86
		{C693C2AB-2640-4AB6-82AA-72DAF7A7692A}.AppStore|x86.Build.0 = Release|x86
		{C693C2AB-2640-4AB6-82AA-72DAF7A7692A}.AppStore|x86.Deploy.0 = Release|x86
		{C693C2AB-2640-4AB6-82AA-72DAF7A7692A}.Debug|Any CPU.ActiveCfg = Debug|x86
		{C693C2AB-2640-4AB6-82AA-72DAF7A7692A}.Debug|ARM.ActiveCfg = Debug|ARM
		{C693C2AB-2640-4AB6-82AA-72DAF7A7692A}.Debug|ARM.Build.0 = Debug|ARM
		{C693C2AB-2640-4AB6-82AA-72DAF7A7692A}.Debug|ARM.Deploy.0 = Debug|ARM
		{C693C2AB-2640-4AB6-82AA-72DAF7A7692A}.Debug|iPhone.ActiveCfg = Debug|x86
		{C693C2AB-2640-4AB6-82AA-72DAF7A7692A}.Debug|iPhoneSimulator.ActiveCfg = Debug|x86
		{C693C2AB-2640-4AB6-82AA-72DAF7A7692A}.Debug|x64.ActiveCfg = Debug|x64
		{C693C2AB-2640-4AB6-82AA-72DAF7A7692A}.Debug|x64.Build.0 = Debug|x64
		{C693C2AB-2640-4AB6-82AA-72DAF7A7692A}.Debug|x64.Deploy.0 = Debug|x64
		{C693C2AB-2640-4AB6-82AA-72DAF7A7692A}.Debug|x86.ActiveCfg = Debug|x86
		{C693C2AB-2640-4AB6-82AA-72DAF7A7692A}.Debug|x86.Build.0 = Debug|x86
		{C693C2AB-2640-4AB6-82AA-72DAF7A7692A}.Debug|x86.Deploy.0 = Debug|x86
		{C693C2AB-2640-4AB6-82AA-72DAF7A7692A}.Release|Any CPU.ActiveCfg = Release|x86
		{C693C2AB-2640-4AB6-82AA-72DAF7A7692A}.Release|ARM.ActiveCfg = Release|ARM
		{C693C2AB-2640-4AB6-82AA-72DAF7A7692A}.Release|ARM.Build.0 = Release|ARM
		{C693C2AB-2640-4AB6-82AA-72DAF7A7692A}.Release|ARM.Deploy.0 = Release|ARM
		{C693C2AB-2640-4AB6-82AA-72DAF7A7692A}.Release|iPhone.ActiveCfg = Release|x86
		{C693C2AB-2640-4AB6-82AA-72DAF7A7692A}.Release|iPhoneSimulator.ActiveCfg = Release|x86
		{C693C2AB-2640-4AB6-82AA-72DAF7A7692A}.Release|x64.ActiveCfg = Release|x64
		{C693C2AB-2640-4AB6-82AA-72DAF7A7692A}.Release|x64.Build.0 = Release|x64
		{C693C2AB-2640-4AB6-82AA-72DAF7A7692A}.Release|x64.Deploy.0 = Release|x64
		{C693C2AB-2640-4AB6-82AA-72DAF7A7692A}.Release|x86.ActiveCfg = Release|x86
		{C693C2AB-2640-4AB6-82AA-72DAF7A7692A}.Release|x86.Build.0 = Release|x86
		{C693C2AB-2640-4AB6-82AA-72DAF7A7692A}.Release|x86.Deploy.0 = Release|x86
		{20FDA6ED-B68E-4610-807B-F358668F181E}.Ad-Hoc|Any CPU.ActiveCfg = Release|Any CPU
		{20FDA6ED-B68E-4610-807B-F358668F181E}.Ad-Hoc|Any CPU.Build.0 = Release|Any CPU
		{20FDA6ED-B68E-4610-807B-F358668F181E}.Ad-Hoc|Any CPU.Deploy.0 = Release|Any CPU
		{20FDA6ED-B68E-4610-807B-F358668F181E}.Ad-Hoc|ARM.ActiveCfg = Release|Any CPU
		{20FDA6ED-B68E-4610-807B-F358668F181E}.Ad-Hoc|ARM.Build.0 = Release|Any CPU
		{20FDA6ED-B68E-4610-807B-F358668F181E}.Ad-Hoc|ARM.Deploy.0 = Release|Any CPU
		{20FDA6ED-B68E-4610-807B-F358668F181E}.Ad-Hoc|iPhone.ActiveCfg = Release|Any CPU
		{20FDA6ED-B68E-4610-807B-F358668F181E}.Ad-Hoc|iPhone.Build.0 = Release|Any CPU
		{20FDA6ED-B68E-4610-807B-F358668F181E}.Ad-Hoc|iPhone.Deploy.0 = Release|Any CPU
		{20FDA6ED-B68E-4610-807B-F358668F181E}.Ad-Hoc|iPhoneSimulator.ActiveCfg = Release|Any CPU
		{20FDA6ED-B68E-4610-807B-F358668F181E}.Ad-Hoc|iPhoneSimulator.Build.0 = Release|Any CPU
		{20FDA6ED-B68E-4610-807B-F358668F181E}.Ad-Hoc|iPhoneSimulator.Deploy.0 = Release|Any CPU
		{20FDA6ED-B68E-4610-807B-F358668F181E}.Ad-Hoc|x64.ActiveCfg = Release|Any CPU
		{20FDA6ED-B68E-4610-807B-F358668F181E}.Ad-Hoc|x64.Build.0 = Release|Any CPU
		{20FDA6ED-B68E-4610-807B-F358668F181E}.Ad-Hoc|x64.Deploy.0 = Release|Any CPU
		{20FDA6ED-B68E-4610-807B-F358668F181E}.Ad-Hoc|x86.ActiveCfg = Release|Any CPU
		{20FDA6ED-B68E-4610-807B-F358668F181E}.Ad-Hoc|x86.Build.0 = Release|Any CPU
		{20FDA6ED-B68E-4610-807B-F358668F181E}.Ad-Hoc|x86.Deploy.0 = Release|Any CPU
		{20FDA6ED-B68E-4610-807B-F358668F181E}.AppStore|Any CPU.ActiveCfg = Release|Any CPU
		{20FDA6ED-B68E-4610-807B-F358668F181E}.AppStore|Any CPU.Build.0 = Release|Any CPU
		{20FDA6ED-B68E-4610-807B-F358668F181E}.AppStore|Any CPU.Deploy.0 = Release|Any CPU
		{20FDA6ED-B68E-4610-807B-F358668F181E}.AppStore|ARM.ActiveCfg = Release|Any CPU
		{20FDA6ED-B68E-4610-807B-F358668F181E}.AppStore|ARM.Build.0 = Release|Any CPU
		{20FDA6ED-B68E-4610-807B-F358668F181E}.AppStore|ARM.Deploy.0 = Release|Any CPU
		{20FDA6ED-B68E-4610-807B-F358668F181E}.AppStore|iPhone.ActiveCfg = Release|Any CPU
		{20FDA6ED-B68E-4610-807B-F358668F181E}.AppStore|iPhone.Build.0 = Release|Any CPU
		{20FDA6ED-B68E-4610-807B-F358668F181E}.AppStore|iPhone.Deploy.0 = Release|Any CPU
		{20FDA6ED-B68E-4610-807B-F358668F181E}.AppStore|iPhoneSimulator.ActiveCfg = Release|Any CPU
		{20FDA6ED-B68E-4610-807B-F358668F181E}.AppStore|iPhoneSimulator.Build.0 = Release|Any CPU
		{20FDA6ED-B68E-4610-807B-F358668F181E}.AppStore|iPhoneSimulator.Deploy.0 = Release|Any CPU
		{20FDA6ED-B68E-4610-807B-F358668F181E}.AppStore|x64.ActiveCfg = Release|Any CPU
		{20FDA6ED-B68E-4610-807B-F358668F181E}.AppStore|x64.Build.0 = Release|Any CPU
		{20FDA6ED-B68E-4610-807B-F358668F181E}.AppStore|x64.Deploy.0 = Release|Any CPU
		{20FDA6ED-B68E-4610-807B-F358668F181E}.AppStore|x86.ActiveCfg = Release|Any CPU
		{20FDA6ED-B68E-4610-807B-F358668F181E}.AppStore|x86.Build.0 = Release|Any CPU
		{20FDA6ED-B68E-4610-807B-F358668F181E}.AppStore|x86.Deploy.0 = Release|Any CPU
		{20FDA6ED-B68E-4610-807B-F358668F181E}.Debug|Any CPU.ActiveCfg = Debug|Any CPU
		{20FDA6ED-B68E-4610-807B-F358668F181E}.Debug|Any CPU.Build.0 = Debug|Any CPU
		{20FDA6ED-B68E-4610-807B-F358668F181E}.Debug|Any CPU.Deploy.0 = Debug|Any CPU
		{20FDA6ED-B68E-4610-807B-F358668F181E}.Debug|ARM.ActiveCfg = Debug|Any CPU
		{20FDA6ED-B68E-4610-807B-F358668F181E}.Debug|ARM.Build.0 = Debug|Any CPU
		{20FDA6ED-B68E-4610-807B-F358668F181E}.Debug|ARM.Deploy.0 = Debug|Any CPU
		{20FDA6ED-B68E-4610-807B-F358668F181E}.Debug|iPhone.ActiveCfg = Debug|Any CPU
		{20FDA6ED-B68E-4610-807B-F358668F181E}.Debug|iPhone.Build.0 = Debug|Any CPU
		{20FDA6ED-B68E-4610-807B-F358668F181E}.Debug|iPhone.Deploy.0 = Debug|Any CPU
		{20FDA6ED-B68E-4610-807B-F358668F181E}.Debug|iPhoneSimulator.ActiveCfg = Debug|Any CPU
		{20FDA6ED-B68E-4610-807B-F358668F181E}.Debug|iPhoneSimulator.Build.0 = Debug|Any CPU
		{20FDA6ED-B68E-4610-807B-F358668F181E}.Debug|iPhoneSimulator.Deploy.0 = Debug|Any CPU
		{20FDA6ED-B68E-4610-807B-F358668F181E}.Debug|x64.ActiveCfg = Debug|Any CPU
		{20FDA6ED-B68E-4610-807B-F358668F181E}.Debug|x64.Build.0 = Debug|Any CPU
		{20FDA6ED-B68E-4610-807B-F358668F181E}.Debug|x64.Deploy.0 = Debug|Any CPU
		{20FDA6ED-B68E-4610-807B-F358668F181E}.Debug|x86.ActiveCfg = Debug|Any CPU
		{20FDA6ED-B68E-4610-807B-F358668F181E}.Debug|x86.Build.0 = Debug|Any CPU
		{20FDA6ED-B68E-4610-807B-F358668F181E}.Debug|x86.Deploy.0 = Debug|Any CPU
		{20FDA6ED-B68E-4610-807B-F358668F181E}.Release|Any CPU.ActiveCfg = Release|Any CPU
		{20FDA6ED-B68E-4610-807B-F358668F181E}.Release|Any CPU.Build.0 = Release|Any CPU
		{20FDA6ED-B68E-4610-807B-F358668F181E}.Release|Any CPU.Deploy.0 = Release|Any CPU
		{20FDA6ED-B68E-4610-807B-F358668F181E}.Release|ARM.ActiveCfg = Release|Any CPU
		{20FDA6ED-B68E-4610-807B-F358668F181E}.Release|ARM.Build.0 = Release|Any CPU
		{20FDA6ED-B68E-4610-807B-F358668F181E}.Release|ARM.Deploy.0 = Release|Any CPU
		{20FDA6ED-B68E-4610-807B-F358668F181E}.Release|iPhone.ActiveCfg = Release|Any CPU
		{20FDA6ED-B68E-4610-807B-F358668F181E}.Release|iPhone.Build.0 = Release|Any CPU
		{20FDA6ED-B68E-4610-807B-F358668F181E}.Release|iPhone.Deploy.0 = Release|Any CPU
		{20FDA6ED-B68E-4610-807B-F358668F181E}.Release|iPhoneSimulator.ActiveCfg = Release|Any CPU
		{20FDA6ED-B68E-4610-807B-F358668F181E}.Release|iPhoneSimulator.Build.0 = Release|Any CPU
		{20FDA6ED-B68E-4610-807B-F358668F181E}.Release|iPhoneSimulator.Deploy.0 = Release|Any CPU
		{20FDA6ED-B68E-4610-807B-F358668F181E}.Release|x64.ActiveCfg = Release|Any CPU
		{20FDA6ED-B68E-4610-807B-F358668F181E}.Release|x64.Build.0 = Release|Any CPU
		{20FDA6ED-B68E-4610-807B-F358668F181E}.Release|x64.Deploy.0 = Release|Any CPU
		{20FDA6ED-B68E-4610-807B-F358668F181E}.Release|x86.ActiveCfg = Release|Any CPU
		{20FDA6ED-B68E-4610-807B-F358668F181E}.Release|x86.Build.0 = Release|Any CPU
		{20FDA6ED-B68E-4610-807B-F358668F181E}.Release|x86.Deploy.0 = Release|Any CPU
		{B445DF73-AC9E-4276-9FBA-7CB5AD5D2518}.Ad-Hoc|Any CPU.ActiveCfg = Release|Any CPU
		{B445DF73-AC9E-4276-9FBA-7CB5AD5D2518}.Ad-Hoc|Any CPU.Build.0 = Release|Any CPU
		{B445DF73-AC9E-4276-9FBA-7CB5AD5D2518}.Ad-Hoc|ARM.ActiveCfg = Release|Any CPU
		{B445DF73-AC9E-4276-9FBA-7CB5AD5D2518}.Ad-Hoc|ARM.Build.0 = Release|Any CPU
		{B445DF73-AC9E-4276-9FBA-7CB5AD5D2518}.Ad-Hoc|iPhone.ActiveCfg = Release|Any CPU
		{B445DF73-AC9E-4276-9FBA-7CB5AD5D2518}.Ad-Hoc|iPhone.Build.0 = Release|Any CPU
		{B445DF73-AC9E-4276-9FBA-7CB5AD5D2518}.Ad-Hoc|iPhoneSimulator.ActiveCfg = Release|Any CPU
		{B445DF73-AC9E-4276-9FBA-7CB5AD5D2518}.Ad-Hoc|iPhoneSimulator.Build.0 = Release|Any CPU
		{B445DF73-AC9E-4276-9FBA-7CB5AD5D2518}.Ad-Hoc|x64.ActiveCfg = Release|Any CPU
		{B445DF73-AC9E-4276-9FBA-7CB5AD5D2518}.Ad-Hoc|x64.Build.0 = Release|Any CPU
		{B445DF73-AC9E-4276-9FBA-7CB5AD5D2518}.Ad-Hoc|x86.ActiveCfg = Release|Any CPU
		{B445DF73-AC9E-4276-9FBA-7CB5AD5D2518}.Ad-Hoc|x86.Build.0 = Release|Any CPU
		{B445DF73-AC9E-4276-9FBA-7CB5AD5D2518}.AppStore|Any CPU.ActiveCfg = Release|Any CPU
		{B445DF73-AC9E-4276-9FBA-7CB5AD5D2518}.AppStore|Any CPU.Build.0 = Release|Any CPU
		{B445DF73-AC9E-4276-9FBA-7CB5AD5D2518}.AppStore|ARM.ActiveCfg = Release|Any CPU
		{B445DF73-AC9E-4276-9FBA-7CB5AD5D2518}.AppStore|ARM.Build.0 = Release|Any CPU
		{B445DF73-AC9E-4276-9FBA-7CB5AD5D2518}.AppStore|iPhone.ActiveCfg = Release|Any CPU
		{B445DF73-AC9E-4276-9FBA-7CB5AD5D2518}.AppStore|iPhone.Build.0 = Release|Any CPU
		{B445DF73-AC9E-4276-9FBA-7CB5AD5D2518}.AppStore|iPhoneSimulator.ActiveCfg = Release|Any CPU
		{B445DF73-AC9E-4276-9FBA-7CB5AD5D2518}.AppStore|iPhoneSimulator.Build.0 = Release|Any CPU
		{B445DF73-AC9E-4276-9FBA-7CB5AD5D2518}.AppStore|x64.ActiveCfg = Release|Any CPU
		{B445DF73-AC9E-4276-9FBA-7CB5AD5D2518}.AppStore|x64.Build.0 = Release|Any CPU
		{B445DF73-AC9E-4276-9FBA-7CB5AD5D2518}.AppStore|x86.ActiveCfg = Release|Any CPU
		{B445DF73-AC9E-4276-9FBA-7CB5AD5D2518}.AppStore|x86.Build.0 = Release|Any CPU
		{B445DF73-AC9E-4276-9FBA-7CB5AD5D2518}.Debug|Any CPU.ActiveCfg = Debug|Any CPU
		{B445DF73-AC9E-4276-9FBA-7CB5AD5D2518}.Debug|Any CPU.Build.0 = Debug|Any CPU
		{B445DF73-AC9E-4276-9FBA-7CB5AD5D2518}.Debug|ARM.ActiveCfg = Debug|Any CPU
		{B445DF73-AC9E-4276-9FBA-7CB5AD5D2518}.Debug|ARM.Build.0 = Debug|Any CPU
		{B445DF73-AC9E-4276-9FBA-7CB5AD5D2518}.Debug|iPhone.ActiveCfg = Debug|Any CPU
		{B445DF73-AC9E-4276-9FBA-7CB5AD5D2518}.Debug|iPhone.Build.0 = Debug|Any CPU
		{B445DF73-AC9E-4276-9FBA-7CB5AD5D2518}.Debug|iPhoneSimulator.ActiveCfg = Debug|Any CPU
		{B445DF73-AC9E-4276-9FBA-7CB5AD5D2518}.Debug|iPhoneSimulator.Build.0 = Debug|Any CPU
		{B445DF73-AC9E-4276-9FBA-7CB5AD5D2518}.Debug|x64.ActiveCfg = Debug|Any CPU
		{B445DF73-AC9E-4276-9FBA-7CB5AD5D2518}.Debug|x64.Build.0 = Debug|Any CPU
		{B445DF73-AC9E-4276-9FBA-7CB5AD5D2518}.Debug|x86.ActiveCfg = Debug|Any CPU
		{B445DF73-AC9E-4276-9FBA-7CB5AD5D2518}.Debug|x86.Build.0 = Debug|Any CPU
		{B445DF73-AC9E-4276-9FBA-7CB5AD5D2518}.Release|Any CPU.ActiveCfg = Release|Any CPU
		{B445DF73-AC9E-4276-9FBA-7CB5AD5D2518}.Release|Any CPU.Build.0 = Release|Any CPU
		{B445DF73-AC9E-4276-9FBA-7CB5AD5D2518}.Release|ARM.ActiveCfg = Release|Any CPU
		{B445DF73-AC9E-4276-9FBA-7CB5AD5D2518}.Release|ARM.Build.0 = Release|Any CPU
		{B445DF73-AC9E-4276-9FBA-7CB5AD5D2518}.Release|iPhone.ActiveCfg = Release|Any CPU
		{B445DF73-AC9E-4276-9FBA-7CB5AD5D2518}.Release|iPhone.Build.0 = Release|Any CPU
		{B445DF73-AC9E-4276-9FBA-7CB5AD5D2518}.Release|iPhoneSimulator.ActiveCfg = Release|Any CPU
		{B445DF73-AC9E-4276-9FBA-7CB5AD5D2518}.Release|iPhoneSimulator.Build.0 = Release|Any CPU
		{B445DF73-AC9E-4276-9FBA-7CB5AD5D2518}.Release|x64.ActiveCfg = Release|Any CPU
		{B445DF73-AC9E-4276-9FBA-7CB5AD5D2518}.Release|x64.Build.0 = Release|Any CPU
		{B445DF73-AC9E-4276-9FBA-7CB5AD5D2518}.Release|x86.ActiveCfg = Release|Any CPU
		{B445DF73-AC9E-4276-9FBA-7CB5AD5D2518}.Release|x86.Build.0 = Release|Any CPU
	EndGlobalSection
	GlobalSection(SolutionProperties) = preSolution
		HideSolutionNode = FALSE
	EndGlobalSection
	GlobalSection(ExtensibilityGlobals) = postSolution
		SolutionGuid = {F6D05029-56B8-4E45-AF2D-0E76295DDBA2}
	EndGlobalSection
EndGlobal
